// !$*UTF8*$!
{
	archiveVersion = 1;
	classes = {
	};
	objectVersion = 46;
	objects = {

/* Begin PBXBuildFile section */
		EA18A3571B7840FD00A9B170 /* AppDelegate.swift in Sources */ = {isa = PBXBuildFile; fileRef = EA18A3561B7840FD00A9B170 /* AppDelegate.swift */; };
		EA18A3591B7840FD00A9B170 /* FirstViewController.swift in Sources */ = {isa = PBXBuildFile; fileRef = EA18A3581B7840FD00A9B170 /* FirstViewController.swift */; };
		EA18A35B1B7840FD00A9B170 /* SecondViewController.swift in Sources */ = {isa = PBXBuildFile; fileRef = EA18A35A1B7840FD00A9B170 /* SecondViewController.swift */; };
		EA18A35E1B7840FD00A9B170 /* Main.storyboard in Resources */ = {isa = PBXBuildFile; fileRef = EA18A35C1B7840FD00A9B170 /* Main.storyboard */; };
		EA18A3601B7840FD00A9B170 /* Assets.xcassets in Resources */ = {isa = PBXBuildFile; fileRef = EA18A35F1B7840FD00A9B170 /* Assets.xcassets */; };
		EA18A3631B7840FD00A9B170 /* LaunchScreen.storyboard in Resources */ = {isa = PBXBuildFile; fileRef = EA18A3611B7840FD00A9B170 /* LaunchScreen.storyboard */; };
		EA18A36E1B7840FD00A9B170 /* MapasFinalTests.swift in Sources */ = {isa = PBXBuildFile; fileRef = EA18A36D1B7840FD00A9B170 /* MapasFinalTests.swift */; };
		EA18A3791B7840FD00A9B170 /* MapasFinalUITests.swift in Sources */ = {isa = PBXBuildFile; fileRef = EA18A3781B7840FD00A9B170 /* MapasFinalUITests.swift */; };
		EA18A3871B78417200A9B170 /* MapKit.framework in Frameworks */ = {isa = PBXBuildFile; fileRef = EA18A3861B78417200A9B170 /* MapKit.framework */; };
		EA18A3891B78442E00A9B170 /* CoreLocation.framework in Frameworks */ = {isa = PBXBuildFile; fileRef = EA18A3881B78442E00A9B170 /* CoreLocation.framework */; };
/* End PBXBuildFile section */

/* Begin PBXContainerItemProxy section */
		EA18A36A1B7840FD00A9B170 /* PBXContainerItemProxy */ = {
			isa = PBXContainerItemProxy;
			containerPortal = EA18A34B1B7840FD00A9B170 /* Project object */;
			proxyType = 1;
			remoteGlobalIDString = EA18A3521B7840FD00A9B170;
			remoteInfo = MapasFinal;
		};
		EA18A3751B7840FD00A9B170 /* PBXContainerItemProxy */ = {
			isa = PBXContainerItemProxy;
			containerPortal = EA18A34B1B7840FD00A9B170 /* Project object */;
			proxyType = 1;
			remoteGlobalIDString = EA18A3521B7840FD00A9B170;
			remoteInfo = MapasFinal;
		};
/* End PBXContainerItemProxy section */

/* Begin PBXFileReference section */
		EA18A3531B7840FD00A9B170 /* MapasFinal.app */ = {isa = PBXFileReference; explicitFileType = wrapper.application; includeInIndex = 0; path = MapasFinal.app; sourceTree = BUILT_PRODUCTS_DIR; };
		EA18A3561B7840FD00A9B170 /* AppDelegate.swift */ = {isa = PBXFileReference; lastKnownFileType = sourcecode.swift; path = AppDelegate.swift; sourceTree = "<group>"; };
		EA18A3581B7840FD00A9B170 /* FirstViewController.swift */ = {isa = PBXFileReference; lastKnownFileType = sourcecode.swift; path = FirstViewController.swift; sourceTree = "<group>"; };
		EA18A35A1B7840FD00A9B170 /* SecondViewController.swift */ = {isa = PBXFileReference; lastKnownFileType = sourcecode.swift; path = SecondViewController.swift; sourceTree = "<group>"; };
		EA18A35D1B7840FD00A9B170 /* Base */ = {isa = PBXFileReference; lastKnownFileType = file.storyboard; name = Base; path = Base.lproj/Main.storyboard; sourceTree = "<group>"; };
		EA18A35F1B7840FD00A9B170 /* Assets.xcassets */ = {isa = PBXFileReference; lastKnownFileType = folder.assetcatalog; path = Assets.xcassets; sourceTree = "<group>"; };
		EA18A3621B7840FD00A9B170 /* Base */ = {isa = PBXFileReference; lastKnownFileType = file.storyboard; name = Base; path = Base.lproj/LaunchScreen.storyboard; sourceTree = "<group>"; };
		EA18A3641B7840FD00A9B170 /* Info.plist */ = {isa = PBXFileReference; lastKnownFileType = text.plist.xml; path = Info.plist; sourceTree = "<group>"; };
		EA18A3691B7840FD00A9B170 /* MapasFinalTests.xctest */ = {isa = PBXFileReference; explicitFileType = wrapper.cfbundle; includeInIndex = 0; path = MapasFinalTests.xctest; sourceTree = BUILT_PRODUCTS_DIR; };
		EA18A36D1B7840FD00A9B170 /* MapasFinalTests.swift */ = {isa = PBXFileReference; lastKnownFileType = sourcecode.swift; path = MapasFinalTests.swift; sourceTree = "<group>"; };
		EA18A36F1B7840FD00A9B170 /* Info.plist */ = {isa = PBXFileReference; lastKnownFileType = text.plist.xml; path = Info.plist; sourceTree = "<group>"; };
		EA18A3741B7840FD00A9B170 /* MapasFinalUITests.xctest */ = {isa = PBXFileReference; explicitFileType = wrapper.cfbundle; includeInIndex = 0; path = MapasFinalUITests.xctest; sourceTree = BUILT_PRODUCTS_DIR; };
		EA18A3781B7840FD00A9B170 /* MapasFinalUITests.swift */ = {isa = PBXFileReference; lastKnownFileType = sourcecode.swift; path = MapasFinalUITests.swift; sourceTree = "<group>"; };
		EA18A37A1B7840FD00A9B170 /* Info.plist */ = {isa = PBXFileReference; lastKnownFileType = text.plist.xml; path = Info.plist; sourceTree = "<group>"; };
		EA18A3861B78417200A9B170 /* MapKit.framework */ = {isa = PBXFileReference; lastKnownFileType = wrapper.framework; name = MapKit.framework; path = System/Library/Frameworks/MapKit.framework; sourceTree = SDKROOT; };
		EA18A3881B78442E00A9B170 /* CoreLocation.framework */ = {isa = PBXFileReference; lastKnownFileType = wrapper.framework; name = CoreLocation.framework; path = System/Library/Frameworks/CoreLocation.framework; sourceTree = SDKROOT; };
/* End PBXFileReference section */

/* Begin PBXFrameworksBuildPhase section */
		EA18A3501B7840FD00A9B170 /* Frameworks */ = {
			isa = PBXFrameworksBuildPhase;
			buildActionMask = 2147483647;
			files = (
				EA18A3891B78442E00A9B170 /* CoreLocation.framework in Frameworks */,
				EA18A3871B78417200A9B170 /* MapKit.framework in Frameworks */,
			);
			runOnlyForDeploymentPostprocessing = 0;
		};
		EA18A3661B7840FD00A9B170 /* Frameworks */ = {
			isa = PBXFrameworksBuildPhase;
			buildActionMask = 2147483647;
			files = (
			);
			runOnlyForDeploymentPostprocessing = 0;
		};
		EA18A3711B7840FD00A9B170 /* Frameworks */ = {
			isa = PBXFrameworksBuildPhase;
			buildActionMask = 2147483647;
			files = (
			);
			runOnlyForDeploymentPostprocessing = 0;
		};
/* End PBXFrameworksBuildPhase section */

/* Begin PBXGroup section */
		EA18A34A1B7840FD00A9B170 = {
			isa = PBXGroup;
			children = (
				EA18A3881B78442E00A9B170 /* CoreLocation.framework */,
				EA18A3861B78417200A9B170 /* MapKit.framework */,
				EA18A3551B7840FD00A9B170 /* MapasFinal */,
				EA18A36C1B7840FD00A9B170 /* MapasFinalTests */,
				EA18A3771B7840FD00A9B170 /* MapasFinalUITests */,
				EA18A3541B7840FD00A9B170 /* Products */,
			);
			sourceTree = "<group>";
		};
		EA18A3541B7840FD00A9B170 /* Products */ = {
			isa = PBXGroup;
			children = (
				EA18A3531B7840FD00A9B170 /* MapasFinal.app */,
				EA18A3691B7840FD00A9B170 /* MapasFinalTests.xctest */,
				EA18A3741B7840FD00A9B170 /* MapasFinalUITests.xctest */,
			);
			name = Products;
			sourceTree = "<group>";
		};
		EA18A3551B7840FD00A9B170 /* MapasFinal */ = {
			isa = PBXGroup;
			children = (
				EA18A3561B7840FD00A9B170 /* AppDelegate.swift */,
				EA18A3581B7840FD00A9B170 /* FirstViewController.swift */,
				EA18A35A1B7840FD00A9B170 /* SecondViewController.swift */,
				EA18A35C1B7840FD00A9B170 /* Main.storyboard */,
				EA18A35F1B7840FD00A9B170 /* Assets.xcassets */,
				EA18A3611B7840FD00A9B170 /* LaunchScreen.storyboard */,
				EA18A3641B7840FD00A9B170 /* Info.plist */,
			);
			path = MapasFinal;
			sourceTree = "<group>";
		};
		EA18A36C1B7840FD00A9B170 /* MapasFinalTests */ = {
			isa = PBXGroup;
			children = (
				EA18A36D1B7840FD00A9B170 /* MapasFinalTests.swift */,
				EA18A36F1B7840FD00A9B170 /* Info.plist */,
			);
			path = MapasFinalTests;
			sourceTree = "<group>";
		};
		EA18A3771B7840FD00A9B170 /* MapasFinalUITests */ = {
			isa = PBXGroup;
			children = (
				EA18A3781B7840FD00A9B170 /* MapasFinalUITests.swift */,
				EA18A37A1B7840FD00A9B170 /* Info.plist */,
			);
			path = MapasFinalUITests;
			sourceTree = "<group>";
		};
/* End PBXGroup section */

/* Begin PBXNativeTarget section */
		EA18A3521B7840FD00A9B170 /* MapasFinal */ = {
			isa = PBXNativeTarget;
			buildConfigurationList = EA18A37D1B7840FD00A9B170 /* Build configuration list for PBXNativeTarget "MapasFinal" */;
			buildPhases = (
				EA18A34F1B7840FD00A9B170 /* Sources */,
				EA18A3501B7840FD00A9B170 /* Frameworks */,
				EA18A3511B7840FD00A9B170 /* Resources */,
			);
			buildRules = (
			);
			dependencies = (
			);
			name = MapasFinal;
			productName = MapasFinal;
			productReference = EA18A3531B7840FD00A9B170 /* MapasFinal.app */;
			productType = "com.apple.product-type.application";
		};
		EA18A3681B7840FD00A9B170 /* MapasFinalTests */ = {
			isa = PBXNativeTarget;
			buildConfigurationList = EA18A3801B7840FD00A9B170 /* Build configuration list for PBXNativeTarget "MapasFinalTests" */;
			buildPhases = (
				EA18A3651B7840FD00A9B170 /* Sources */,
				EA18A3661B7840FD00A9B170 /* Frameworks */,
				EA18A3671B7840FD00A9B170 /* Resources */,
			);
			buildRules = (
			);
			dependencies = (
				EA18A36B1B7840FD00A9B170 /* PBXTargetDependency */,
			);
			name = MapasFinalTests;
			productName = MapasFinalTests;
			productReference = EA18A3691B7840FD00A9B170 /* MapasFinalTests.xctest */;
			productType = "com.apple.product-type.bundle.unit-test";
		};
		EA18A3731B7840FD00A9B170 /* MapasFinalUITests */ = {
			isa = PBXNativeTarget;
			buildConfigurationList = EA18A3831B7840FD00A9B170 /* Build configuration list for PBXNativeTarget "MapasFinalUITests" */;
			buildPhases = (
				EA18A3701B7840FD00A9B170 /* Sources */,
				EA18A3711B7840FD00A9B170 /* Frameworks */,
				EA18A3721B7840FD00A9B170 /* Resources */,
			);
			buildRules = (
			);
			dependencies = (
				EA18A3761B7840FD00A9B170 /* PBXTargetDependency */,
			);
			name = MapasFinalUITests;
			productName = MapasFinalUITests;
			productReference = EA18A3741B7840FD00A9B170 /* MapasFinalUITests.xctest */;
			productType = "com.apple.product-type.bundle.ui-testing";
		};
/* End PBXNativeTarget section */

/* Begin PBXProject section */
		EA18A34B1B7840FD00A9B170 /* Project object */ = {
			isa = PBXProject;
			attributes = {
				LastUpgradeCheck = 0700;
				ORGANIZATIONNAME = "Jesús García Valadez";
				TargetAttributes = {
					EA18A3521B7840FD00A9B170 = {
						CreatedOnToolsVersion = 7.0;
						DevelopmentTeam = 7S35TF7CHA;
						SystemCapabilities = {
							com.apple.Maps.iOS = {
								enabled = 1;
							};
						};
					};
					EA18A3681B7840FD00A9B170 = {
						CreatedOnToolsVersion = 7.0;
						DevelopmentTeam = 7S35TF7CHA;
						TestTargetID = EA18A3521B7840FD00A9B170;
					};
					EA18A3731B7840FD00A9B170 = {
						CreatedOnToolsVersion = 7.0;
						DevelopmentTeam = 7S35TF7CHA;
						TestTargetID = EA18A3521B7840FD00A9B170;
					};
				};
			};
			buildConfigurationList = EA18A34E1B7840FD00A9B170 /* Build configuration list for PBXProject "MapasFinal" */;
			compatibilityVersion = "Xcode 3.2";
			developmentRegion = English;
			hasScannedForEncodings = 0;
			knownRegions = (
				en,
				Base,
			);
			mainGroup = EA18A34A1B7840FD00A9B170;
			productRefGroup = EA18A3541B7840FD00A9B170 /* Products */;
			projectDirPath = "";
			projectRoot = "";
			targets = (
				EA18A3521B7840FD00A9B170 /* MapasFinal */,
				EA18A3681B7840FD00A9B170 /* MapasFinalTests */,
				EA18A3731B7840FD00A9B170 /* MapasFinalUITests */,
			);
		};
/* End PBXProject section */

/* Begin PBXResourcesBuildPhase section */
		EA18A3511B7840FD00A9B170 /* Resources */ = {
			isa = PBXResourcesBuildPhase;
			buildActionMask = 2147483647;
			files = (
				EA18A3631B7840FD00A9B170 /* LaunchScreen.storyboard in Resources */,
				EA18A3601B7840FD00A9B170 /* Assets.xcassets in Resources */,
				EA18A35E1B7840FD00A9B170 /* Main.storyboard in Resources */,
			);
			runOnlyForDeploymentPostprocessing = 0;
		};
		EA18A3671B7840FD00A9B170 /* Resources */ = {
			isa = PBXResourcesBuildPhase;
			buildActionMask = 2147483647;
			files = (
			);
			runOnlyForDeploymentPostprocessing = 0;
		};
		EA18A3721B7840FD00A9B170 /* Resources */ = {
			isa = PBXResourcesBuildPhase;
			buildActionMask = 2147483647;
			files = (
			);
			runOnlyForDeploymentPostprocessing = 0;
		};
/* End PBXResourcesBuildPhase section */

/* Begin PBXSourcesBuildPhase section */
		EA18A34F1B7840FD00A9B170 /* Sources */ = {
			isa = PBXSourcesBuildPhase;
			buildActionMask = 2147483647;
			files = (
				EA18A35B1B7840FD00A9B170 /* SecondViewController.swift in Sources */,
				EA18A3571B7840FD00A9B170 /* AppDelegate.swift in Sources */,
				EA18A3591B7840FD00A9B170 /* FirstViewController.swift in Sources */,
			);
			runOnlyForDeploymentPostprocessing = 0;
		};
		EA18A3651B7840FD00A9B170 /* Sources */ = {
			isa = PBXSourcesBuildPhase;
			buildActionMask = 2147483647;
			files = (
				EA18A36E1B7840FD00A9B170 /* MapasFinalTests.swift in Sources */,
			);
			runOnlyForDeploymentPostprocessing = 0;
		};
		EA18A3701B7840FD00A9B170 /* Sources */ = {
			isa = PBXSourcesBuildPhase;
			buildActionMask = 2147483647;
			files = (
				EA18A3791B7840FD00A9B170 /* MapasFinalUITests.swift in Sources */,
			);
			runOnlyForDeploymentPostprocessing = 0;
		};
/* End PBXSourcesBuildPhase section */

/* Begin PBXTargetDependency section */
		EA18A36B1B7840FD00A9B170 /* PBXTargetDependency */ = {
			isa = PBXTargetDependency;
			target = EA18A3521B7840FD00A9B170 /* MapasFinal */;
			targetProxy = EA18A36A1B7840FD00A9B170 /* PBXContainerItemProxy */;
		};
		EA18A3761B7840FD00A9B170 /* PBXTargetDependency */ = {
			isa = PBXTargetDependency;
			target = EA18A3521B7840FD00A9B170 /* MapasFinal */;
			targetProxy = EA18A3751B7840FD00A9B170 /* PBXContainerItemProxy */;
		};
/* End PBXTargetDependency section */

/* Begin PBXVariantGroup section */
		EA18A35C1B7840FD00A9B170 /* Main.storyboard */ = {
			isa = PBXVariantGroup;
			children = (
				EA18A35D1B7840FD00A9B170 /* Base */,
			);
			name = Main.storyboard;
			sourceTree = "<group>";
		};
		EA18A3611B7840FD00A9B170 /* LaunchScreen.storyboard */ = {
			isa = PBXVariantGroup;
			children = (
				EA18A3621B7840FD00A9B170 /* Base */,
			);
			name = LaunchScreen.storyboard;
			sourceTree = "<group>";
		};
/* End PBXVariantGroup section */

/* Begin XCBuildConfiguration section */
		EA18A37B1B7840FD00A9B170 /* Debug */ = {
			isa = XCBuildConfiguration;
			buildSettings = {
				ALWAYS_SEARCH_USER_PATHS = NO;
				CLANG_CXX_LANGUAGE_STANDARD = "gnu++0x";
				CLANG_CXX_LIBRARY = "libc++";
				CLANG_ENABLE_MODULES = YES;
				CLANG_ENABLE_OBJC_ARC = YES;
				CLANG_WARN_BOOL_CONVERSION = YES;
				CLANG_WARN_CONSTANT_CONVERSION = YES;
				CLANG_WARN_DIRECT_OBJC_ISA_USAGE = YES_ERROR;
				CLANG_WARN_EMPTY_BODY = YES;
				CLANG_WARN_ENUM_CONVERSION = YES;
				CLANG_WARN_INT_CONVERSION = YES;
				CLANG_WARN_OBJC_ROOT_CLASS = YES_ERROR;
				CLANG_WARN_UNREACHABLE_CODE = YES;
				CLANG_WARN__DUPLICATE_METHOD_MATCH = YES;
				"CODE_SIGN_IDENTITY[sdk=iphoneos*]" = "iPhone Developer";
				COPY_PHASE_STRIP = NO;
				DEBUG_INFORMATION_FORMAT = dwarf;
				ENABLE_STRICT_OBJC_MSGSEND = YES;
				ENABLE_TESTABILITY = YES;
				GCC_C_LANGUAGE_STANDARD = gnu99;
				GCC_DYNAMIC_NO_PIC = NO;
				GCC_NO_COMMON_BLOCKS = YES;
				GCC_OPTIMIZATION_LEVEL = 0;
				GCC_PREPROCESSOR_DEFINITIONS = (
					"DEBUG=1",
					"$(inherited)",
				);
				GCC_WARN_64_TO_32_BIT_CONVERSION = YES;
				GCC_WARN_ABOUT_RETURN_TYPE = YES_ERROR;
				GCC_WARN_UNDECLARED_SELECTOR = YES;
				GCC_WARN_UNINITIALIZED_AUTOS = YES_AGGRESSIVE;
				GCC_WARN_UNUSED_FUNCTION = YES;
				GCC_WARN_UNUSED_VARIABLE = YES;
				IPHONEOS_DEPLOYMENT_TARGET = 9.0;
				MTL_ENABLE_DEBUG_INFO = YES;
				ONLY_ACTIVE_ARCH = YES;
				SDKROOT = iphoneos;
				SWIFT_OPTIMIZATION_LEVEL = "-Onone";
				TARGETED_DEVICE_FAMILY = "1,2";
			};
			name = Debug;
		};
		EA18A37C1B7840FD00A9B170 /* Release */ = {
			isa = XCBuildConfiguration;
			buildSettings = {
				ALWAYS_SEARCH_USER_PATHS = NO;
				CLANG_CXX_LANGUAGE_STANDARD = "gnu++0x";
				CLANG_CXX_LIBRARY = "libc++";
				CLANG_ENABLE_MODULES = YES;
				CLANG_ENABLE_OBJC_ARC = YES;
				CLANG_WARN_BOOL_CONVERSION = YES;
				CLANG_WARN_CONSTANT_CONVERSION = YES;
				CLANG_WARN_DIRECT_OBJC_ISA_USAGE = YES_ERROR;
				CLANG_WARN_EMPTY_BODY = YES;
				CLANG_WARN_ENUM_CONVERSION = YES;
				CLANG_WARN_INT_CONVERSION = YES;
				CLANG_WARN_OBJC_ROOT_CLASS = YES_ERROR;
				CLANG_WARN_UNREACHABLE_CODE = YES;
				CLANG_WARN__DUPLICATE_METHOD_MATCH = YES;
				"CODE_SIGN_IDENTITY[sdk=iphoneos*]" = "iPhone Developer";
				COPY_PHASE_STRIP = NO;
				DEBUG_INFORMATION_FORMAT = "dwarf-with-dsym";
				ENABLE_NS_ASSERTIONS = NO;
				ENABLE_STRICT_OBJC_MSGSEND = YES;
				GCC_C_LANGUAGE_STANDARD = gnu99;
				GCC_NO_COMMON_BLOCKS = YES;
				GCC_WARN_64_TO_32_BIT_CONVERSION = YES;
				GCC_WARN_ABOUT_RETURN_TYPE = YES_ERROR;
				GCC_WARN_UNDECLARED_SELECTOR = YES;
				GCC_WARN_UNINITIALIZED_AUTOS = YES_AGGRESSIVE;
				GCC_WARN_UNUSED_FUNCTION = YES;
				GCC_WARN_UNUSED_VARIABLE = YES;
				IPHONEOS_DEPLOYMENT_TARGET = 9.0;
				MTL_ENABLE_DEBUG_INFO = NO;
				SDKROOT = iphoneos;
				TARGETED_DEVICE_FAMILY = "1,2";
				VALIDATE_PRODUCT = YES;
			};
			name = Release;
		};
		EA18A37E1B7840FD00A9B170 /* Debug */ = {
			isa = XCBuildConfiguration;
			buildSettings = {
				ASSETCATALOG_COMPILER_APPICON_NAME = AppIcon;
				INFOPLIST_FILE = MapasFinal/Info.plist;
				LD_RUNPATH_SEARCH_PATHS = "$(inherited) @executable_path/Frameworks";
				PRODUCT_BUNDLE_IDENTIFIER = hydrastudio.MapasFinal;
				PRODUCT_NAME = "$(TARGET_NAME)";
			};
			name = Debug;
		};
		EA18A37F1B7840FD00A9B170 /* Release */ = {
			isa = XCBuildConfiguration;
			buildSettings = {
				ASSETCATALOG_COMPILER_APPICON_NAME = AppIcon;
				INFOPLIST_FILE = MapasFinal/Info.plist;
				LD_RUNPATH_SEARCH_PATHS = "$(inherited) @executable_path/Frameworks";
				PRODUCT_BUNDLE_IDENTIFIER = hydrastudio.MapasFinal;
				PRODUCT_NAME = "$(TARGET_NAME)";
			};
			name = Release;
		};
		EA18A3811B7840FD00A9B170 /* Debug */ = {
			isa = XCBuildConfiguration;
			buildSettings = {
				BUNDLE_LOADER = "$(TEST_HOST)";
				INFOPLIST_FILE = MapasFinalTests/Info.plist;
				LD_RUNPATH_SEARCH_PATHS = "$(inherited) @executable_path/Frameworks @loader_path/Frameworks";
				PRODUCT_BUNDLE_IDENTIFIER = hydrastudio.MapasFinalTests;
				PRODUCT_NAME = "$(TARGET_NAME)";
				TEST_HOST = "$(BUILT_PRODUCTS_DIR)/MapasFinal.app/MapasFinal";
			};
			name = Debug;
		};
		EA18A3821B7840FD00A9B170 /* Release */ = {
			isa = XCBuildConfiguration;
			buildSettings = {
				BUNDLE_LOADER = "$(TEST_HOST)";
				INFOPLIST_FILE = MapasFinalTests/Info.plist;
				LD_RUNPATH_SEARCH_PATHS = "$(inherited) @executable_path/Frameworks @loader_path/Frameworks";
				PRODUCT_BUNDLE_IDENTIFIER = hydrastudio.MapasFinalTests;
				PRODUCT_NAME = "$(TARGET_NAME)";
				TEST_HOST = "$(BUILT_PRODUCTS_DIR)/MapasFinal.app/MapasFinal";
			};
			name = Release;
		};
		EA18A3841B7840FD00A9B170 /* Debug */ = {
			isa = XCBuildConfiguration;
			buildSettings = {
				INFOPLIST_FILE = MapasFinalUITests/Info.plist;
				LD_RUNPATH_SEARCH_PATHS = "$(inherited) @executable_path/Frameworks @loader_path/Frameworks";
				PRODUCT_BUNDLE_IDENTIFIER = hydrastudio.MapasFinalUITests;
				PRODUCT_NAME = "$(TARGET_NAME)";
				TEST_TARGET_NAME = MapasFinal;
				USES_XCTRUNNER = YES;
			};
			name = Debug;
		};
		EA18A3851B7840FD00A9B170 /* Release */ = {
			isa = XCBuildConfiguration;
			buildSettings = {
				INFOPLIST_FILE = MapasFinalUITests/Info.plist;
				LD_RUNPATH_SEARCH_PATHS = "$(inherited) @executable_path/Frameworks @loader_path/Frameworks";
				PRODUCT_BUNDLE_IDENTIFIER = hydrastudio.MapasFinalUITests;
				PRODUCT_NAME = "$(TARGET_NAME)";
				TEST_TARGET_NAME = MapasFinal;
				USES_XCTRUNNER = YES;
			};
			name = Release;
		};
/* End XCBuildConfiguration section */

/* Begin XCConfigurationList section */
		EA18A34E1B7840FD00A9B170 /* Build configuration list for PBXProject "MapasFinal" */ = {
			isa = XCConfigurationList;
			buildConfigurations = (
				EA18A37B1B7840FD00A9B170 /* Debug */,
				EA18A37C1B7840FD00A9B170 /* Release */,
			);
			defaultConfigurationIsVisible = 0;
			defaultConfigurationName = Release;
		};
		EA18A37D1B7840FD00A9B170 /* Build configuration list for PBXNativeTarget "MapasFinal" */ = {
			isa = XCConfigurationList;
			buildConfigurations = (
				EA18A37E1B7840FD00A9B170 /* Debug */,
				EA18A37F1B7840FD00A9B170 /* Release */,
			);
			defaultConfigurationIsVisible = 0;
		};
		EA18A3801B7840FD00A9B170 /* Build configuration list for PBXNativeTarget "MapasFinalTests" */ = {
			isa = XCConfigurationList;
			buildConfigurations = (
				EA18A3811B7840FD00A9B170 /* Debug */,
				EA18A3821B7840FD00A9B170 /* Release */,
			);
			defaultConfigurationIsVisible = 0;
		};
		EA18A3831B7840FD00A9B170 /* Build configuration list for PBXNativeTarget "MapasFinalUITests" */ = {
			isa = XCConfigurationList;
			buildConfigurations = (
				EA18A3841B7840FD00A9B170 /* Debug */,
				EA18A3851B7840FD00A9B170 /* Release */,
			);
			defaultConfigurationIsVisible = 0;
		};
/* End XCConfigurationList section */
	};
	rootObject = EA18A34B1B7840FD00A9B170 /* Project object */;
}
